github.com/NETWAYS/go-check v0.6.4 h1:4WETSVNZNEP0Yudcp5xlvxq6RGn920cmUKq4fz/P1GQ=
github.com/NETWAYS/go-check v0.6.4/go.mod h1:8/GWnq8SirreAixgRmcp82JG16NnEl38rHq9phICy9s=
github.com/NETWAYS/go-check-network/http v0.0.0-20240101222557-39e140c9fbf1 h1:5R4FCzBCOZSQ66CMNkKStV+OP0r8rzeJeAw+cwpSoow=
github.com/NETWAYS/go-check-network/http v0.0.0-20240101222557-39e140c9fbf1/go.mod h1:jZ62Y7P8/T/TqNy6I7RI/G9G9tXEcpuqrlkkO+xgCRE=
github.com/NETWAYS/go-icingadsl v0.1.2 h1:F25Y7HAw9VF8GC4eJFbhXzA4TBUwA/0R/n2vbTz6qsQ=
github.com/NETWAYS/go-icingadsl v0.1.2/go.mod h1:CE74xcjOUHxYpltsooRTimANss5H2VZHFlme5138Cqw=
github.com/cpuguy83/go-md2man/v2 v2.0.3/go.mod h1:tgQtvFlXSQOSOSIRvRPT7W67SCa46tRHOmNcaadrF8o=
github.com/inconshreveable/mousetrap v1.1.0 h1:wN+x4NVGpMsO7ErUn/mUI3vEoE6Jt13X2s0bqwp9tc8=
github.com/inconshreveable/mousetrap v1.1.0/go.mod h1:vpF70FUmC8bwa3OWnCshd2FqLfsEA9PFc4w1p2J65bw=
github.com/russross/blackfriday/v2 v2.1.0/go.mod h1:+Rmxgy9KzJVeS9/2gXHxylqXiyQDYRxCVz55jmeOWTM=
github.com/spf13/cobra v1.8.0 h1:7aJaZx1B85qltLMc546zn58BxxfZdR/W22ej9CFoEf0=
github.com/spf13/cobra v1.8.0/go.mod h1:WXLWApfZ71AjXPya3WOlMsY9yMs7YeiHhFVlvLyhcho=
github.com/spf13/pflag v1.0.5/go.mod h1:McXfInJRrz4CZXVZOBLb0bTZqETkiAhM9Iw0y3An2Bg=
github.com/spf13/pflag v1.0.10 h1:4EBh2KAYBwaONj6b2Ye1GiHfwjqyROoF4RwYO+vPwFk=
github.com/spf13/pflag v1.0.10/go.mod h1:McXfInJRrz4CZXVZOBLb0bTZqETkiAhM9Iw0y3An2Bg=
gopkg.in/check.v1 v0.0.0-20161208181325-20d25e280405/go.mod h1:Co6ibVJAznAaIkqp8huTwlJQCZ016jof/cbN4VW5Yz0=
gopkg.in/yaml.v3 v3.0.1/go.mod h1:K4uyk7z7BCEPqu6E+C64Yfv1cQ7kz7rIZviUmN+EgEM=
